
Microsoft Visual Studio Solution File, Format Version 12.00
# Visual Studio Version 17
VisualStudioVersion = 17.3.32929.385
MinimumVisualStudioVersion = 10.0.40219.1
Project("{FAE04EC0-301F-11D3-BF4B-00C04F79EFBC}") = "CPM1st", "CPM1st\CPM1st.csproj", "{40DAFD0D-4E00-4CCE-BDB3-FA95BEF4A69A}"
EndProject
Global
	GlobalSection(SolutionConfigurationPlatforms) = preSolution
		Debug|Any CPU = Debug|Any CPU
		Release|Any CPU = Release|Any CPU
	EndGlobalSection
	GlobalSection(ProjectConfigurationPlatforms) = postSolution
		{40DAFD0D-4E00-4CCE-BDB3-FA95BEF4A69A}.Debug|Any CPU.ActiveCfg = Debug|Any CPU
		{40DAFD0D-4E00-4CCE-BDB3-FA95BEF4A69A}.Debug|Any CPU.Build.0 = Debug|Any CPU
		{40DAFD0D-4E00-4CCE-BDB3-FA95BEF4A69A}.Release|Any CPU.ActiveCfg = Release|Any CPU
		{40DAFD0D-4E00-4CCE-BDB3-FA95BEF4A69A}.Release|Any CPU.Build.0 = Release|Any CPU
	EndGlobalSection
	GlobalSection(SolutionProperties) = preSolution
		HideSolutionNode = FALSE
	EndGlobalSection
	GlobalSection(ExtensibilityGlobals) = postSolution
		SolutionGuid = {DB31F137-F392-4378-8911-737DAA9DD94D}
	EndGlobalSection
EndGlobal
